
Microsoft Visual Studio Solution File, Format Version 12.00
# Visual Studio Version 16
VisualStudioVersion = 16.0.31321.278
MinimumVisualStudioVersion = 10.0.40219.1
Project("{FAE04EC0-301F-11D3-BF4B-00C04F79EFBC}") = "WinFormsApp1", "WinFormsApp1\WinFormsApp1.csproj", "{F8ED4CAB-E6FC-4EEF-8D89-970546367E8B}"
EndProject
Global
	GlobalSection(SolutionConfigurationPlatforms) = preSolution
		Debug|Any CPU = Debug|Any CPU
		Debug|x64 = Debug|x64
		Release|Any CPU = Release|Any CPU
		Release|x64 = Release|x64
	EndGlobalSection
	GlobalSection(ProjectConfigurationPlatforms) = postSolution
		{F8ED4CAB-E6FC-4EEF-8D89-970546367E8B}.Debug|Any CPU.ActiveCfg = Debug|Any CPU
		{F8ED4CAB-E6FC-4EEF-8D89-970546367E8B}.Debug|Any CPU.Build.0 = Debug|Any CPU
		{F8ED4CAB-E6FC-4EEF-8D89-970546367E8B}.Debug|x64.ActiveCfg = Debug|x64
		{F8ED4CAB-E6FC-4EEF-8D89-970546367E8B}.Debug|x64.Build.0 = Debug|x64
		{F8ED4CAB-E6FC-4EEF-8D89-970546367E8B}.Release|Any CPU.ActiveCfg = Release|Any CPU
		{F8ED4CAB-E6FC-4EEF-8D89-970546367E8B}.Release|Any CPU.Build.0 = Release|Any CPU
		{F8ED4CAB-E6FC-4EEF-8D89-970546367E8B}.Release|x64.ActiveCfg = Release|x64
		{F8ED4CAB-E6FC-4EEF-8D89-970546367E8B}.Release|x64.Build.0 = Release|x64
	EndGlobalSection
	GlobalSection(SolutionProperties) = preSolution
		HideSolutionNode = FALSE
	EndGlobalSection
	GlobalSection(ExtensibilityGlobals) = postSolution
		SolutionGuid = {DB8BF6D0-F341-4CE3-B893-9AEE279C2BBD}
	EndGlobalSection
EndGlobal
